
Microsoft Visual Studio Solution File, Format Version 12.00
# Visual Studio Version 17
VisualStudioVersion = 17.0.31903.59
MinimumVisualStudioVersion = 10.0.40219.1
Project("{FAE04EC0-301F-11D3-BF4B-00C04F79EFBC}") = "NSerf.Lighthouse", "src\NSerf.Lighthouse\NSerf.Lighthouse.csproj", "{A1B2C3D4-E5F6-4A5B-8C9D-0E1F2A3B4C5D}"
EndProject
Project("{FAE04EC0-301F-11D3-BF4B-00C04F79EFBC}") = "NSerf.Lighthouse.Tests", "tests\NSerf.Lighthouse.Tests\NSerf.Lighthouse.Tests.csproj", "{1994EFCB-51BA-4989-96C4-421A9F97CB72}"
EndProject
Project("{2150E333-8FDC-42A3-9474-1A3956D46DE8}") = "src", "src", "{827E0CD3-B72D-47B6-A68D-7590B98EB39B}"
EndProject
Project("{FAE04EC0-301F-11D3-BF4B-00C04F79EFBC}") = "NSerf.Lighthouse.Client", "src\NSerf.Lighthouse.Client\NSerf.Lighthouse.Client.csproj", "{07FCA30D-1EF6-4392-9B6C-5874FBCEE226}"
EndProject
Project("{FAE04EC0-301F-11D3-BF4B-00C04F79EFBC}") = "NSerf.Lighthouse.Client.Tests", "tests\NSerf.Lighthouse.Client.Tests\NSerf.Lighthouse.Client.Tests.csproj", "{B8E9F2A1-3C4D-5E6F-7A8B-9C0D1E2F3A4B}"
EndProject
Global
	GlobalSection(SolutionConfigurationPlatforms) = preSolution
		Debug|Any CPU = Debug|Any CPU
		Debug|x64 = Debug|x64
		Debug|x86 = Debug|x86
		Release|Any CPU = Release|Any CPU
		Release|x64 = Release|x64
		Release|x86 = Release|x86
	EndGlobalSection
	GlobalSection(ProjectConfigurationPlatforms) = postSolution
		{A1B2C3D4-E5F6-4A5B-8C9D-0E1F2A3B4C5D}.Debug|Any CPU.ActiveCfg = Debug|Any CPU
		{A1B2C3D4-E5F6-4A5B-8C9D-0E1F2A3B4C5D}.Debug|Any CPU.Build.0 = Debug|Any CPU
		{A1B2C3D4-E5F6-4A5B-8C9D-0E1F2A3B4C5D}.Debug|x64.ActiveCfg = Debug|Any CPU
		{A1B2C3D4-E5F6-4A5B-8C9D-0E1F2A3B4C5D}.Debug|x64.Build.0 = Debug|Any CPU
		{A1B2C3D4-E5F6-4A5B-8C9D-0E1F2A3B4C5D}.Debug|x86.ActiveCfg = Debug|Any CPU
		{A1B2C3D4-E5F6-4A5B-8C9D-0E1F2A3B4C5D}.Debug|x86.Build.0 = Debug|Any CPU
		{A1B2C3D4-E5F6-4A5B-8C9D-0E1F2A3B4C5D}.Release|Any CPU.ActiveCfg = Release|Any CPU
		{A1B2C3D4-E5F6-4A5B-8C9D-0E1F2A3B4C5D}.Release|Any CPU.Build.0 = Release|Any CPU
		{A1B2C3D4-E5F6-4A5B-8C9D-0E1F2A3B4C5D}.Release|x64.ActiveCfg = Release|Any CPU
		{A1B2C3D4-E5F6-4A5B-8C9D-0E1F2A3B4C5D}.Release|x64.Build.0 = Release|Any CPU
		{A1B2C3D4-E5F6-4A5B-8C9D-0E1F2A3B4C5D}.Release|x86.ActiveCfg = Release|Any CPU
		{A1B2C3D4-E5F6-4A5B-8C9D-0E1F2A3B4C5D}.Release|x86.Build.0 = Release|Any CPU
		{1994EFCB-51BA-4989-96C4-421A9F97CB72}.Debug|Any CPU.ActiveCfg = Debug|Any CPU
		{1994EFCB-51BA-4989-96C4-421A9F97CB72}.Debug|Any CPU.Build.0 = Debug|Any CPU
		{1994EFCB-51BA-4989-96C4-421A9F97CB72}.Debug|x64.ActiveCfg = Debug|Any CPU
		{1994EFCB-51BA-4989-96C4-421A9F97CB72}.Debug|x64.Build.0 = Debug|Any CPU
		{1994EFCB-51BA-4989-96C4-421A9F97CB72}.Debug|x86.ActiveCfg = Debug|Any CPU
		{1994EFCB-51BA-4989-96C4-421A9F97CB72}.Debug|x86.Build.0 = Debug|Any CPU
		{1994EFCB-51BA-4989-96C4-421A9F97CB72}.Release|Any CPU.ActiveCfg = Release|Any CPU
		{1994EFCB-51BA-4989-96C4-421A9F97CB72}.Release|Any CPU.Build.0 = Release|Any CPU
		{1994EFCB-51BA-4989-96C4-421A9F97CB72}.Release|x64.ActiveCfg = Release|Any CPU
		{1994EFCB-51BA-4989-96C4-421A9F97CB72}.Release|x64.Build.0 = Release|Any CPU
		{1994EFCB-51BA-4989-96C4-421A9F97CB72}.Release|x86.ActiveCfg = Release|Any CPU
		{1994EFCB-51BA-4989-96C4-421A9F97CB72}.Release|x86.Build.0 = Release|Any CPU
		{07FCA30D-1EF6-4392-9B6C-5874FBCEE226}.Debug|Any CPU.ActiveCfg = Debug|Any CPU
		{07FCA30D-1EF6-4392-9B6C-5874FBCEE226}.Debug|Any CPU.Build.0 = Debug|Any CPU
		{07FCA30D-1EF6-4392-9B6C-5874FBCEE226}.Debug|x64.ActiveCfg = Debug|Any CPU
		{07FCA30D-1EF6-4392-9B6C-5874FBCEE226}.Debug|x64.Build.0 = Debug|Any CPU
		{07FCA30D-1EF6-4392-9B6C-5874FBCEE226}.Debug|x86.ActiveCfg = Debug|Any CPU
		{07FCA30D-1EF6-4392-9B6C-5874FBCEE226}.Debug|x86.Build.0 = Debug|Any CPU
		{07FCA30D-1EF6-4392-9B6C-5874FBCEE226}.Release|Any CPU.ActiveCfg = Release|Any CPU
		{07FCA30D-1EF6-4392-9B6C-5874FBCEE226}.Release|Any CPU.Build.0 = Release|Any CPU
		{07FCA30D-1EF6-4392-9B6C-5874FBCEE226}.Release|x64.ActiveCfg = Release|Any CPU
		{07FCA30D-1EF6-4392-9B6C-5874FBCEE226}.Release|x64.Build.0 = Release|Any CPU
		{07FCA30D-1EF6-4392-9B6C-5874FBCEE226}.Release|x86.ActiveCfg = Release|Any CPU
		{07FCA30D-1EF6-4392-9B6C-5874FBCEE226}.Release|x86.Build.0 = Release|Any CPU
		{B8E9F2A1-3C4D-5E6F-7A8B-9C0D1E2F3A4B}.Debug|Any CPU.ActiveCfg = Debug|Any CPU
		{B8E9F2A1-3C4D-5E6F-7A8B-9C0D1E2F3A4B}.Debug|Any CPU.Build.0 = Debug|Any CPU
		{B8E9F2A1-3C4D-5E6F-7A8B-9C0D1E2F3A4B}.Debug|x64.ActiveCfg = Debug|Any CPU
		{B8E9F2A1-3C4D-5E6F-7A8B-9C0D1E2F3A4B}.Debug|x64.Build.0 = Debug|Any CPU
		{B8E9F2A1-3C4D-5E6F-7A8B-9C0D1E2F3A4B}.Debug|x86.ActiveCfg = Debug|Any CPU
		{B8E9F2A1-3C4D-5E6F-7A8B-9C0D1E2F3A4B}.Debug|x86.Build.0 = Debug|Any CPU
		{B8E9F2A1-3C4D-5E6F-7A8B-9C0D1E2F3A4B}.Release|Any CPU.ActiveCfg = Release|Any CPU
		{B8E9F2A1-3C4D-5E6F-7A8B-9C0D1E2F3A4B}.Release|Any CPU.Build.0 = Release|Any CPU
		{B8E9F2A1-3C4D-5E6F-7A8B-9C0D1E2F3A4B}.Release|x64.ActiveCfg = Release|Any CPU
		{B8E9F2A1-3C4D-5E6F-7A8B-9C0D1E2F3A4B}.Release|x64.Build.0 = Release|Any CPU
		{B8E9F2A1-3C4D-5E6F-7A8B-9C0D1E2F3A4B}.Release|x86.ActiveCfg = Release|Any CPU
		{B8E9F2A1-3C4D-5E6F-7A8B-9C0D1E2F3A4B}.Release|x86.Build.0 = Release|Any CPU
	EndGlobalSection
	GlobalSection(SolutionProperties) = preSolution
		HideSolutionNode = FALSE
	EndGlobalSection
	GlobalSection(NestedProjects) = preSolution
		{07FCA30D-1EF6-4392-9B6C-5874FBCEE226} = {827E0CD3-B72D-47B6-A68D-7590B98EB39B}
		{A1B2C3D4-E5F6-4A5B-8C9D-0E1F2A3B4C5D} = {827E0CD3-B72D-47B6-A68D-7590B98EB39B}
	EndGlobalSection
EndGlobal
